// !$*UTF8*$!
{
	archiveVersion = 1;
	classes = {
	};
	objectVersion = 50;
	objects = {

/* Begin PBXBuildFile section */
		370C211122DFF47500EEF7BB /* Puzzle.swift in Sources */ = {isa = PBXBuildFile; fileRef = 370C211022DFF47500EEF7BB /* Puzzle.swift */; };
		370C211322DFF76E00EEF7BB /* PuzzleController.swift in Sources */ = {isa = PBXBuildFile; fileRef = 370C211222DFF76E00EEF7BB /* PuzzleController.swift */; };
		370C211922E01AE600EEF7BB /* MyParticle.sks in Resources */ = {isa = PBXBuildFile; fileRef = 370C211722E01AE600EEF7BB /* MyParticle.sks */; };
		370C211A22E01AE600EEF7BB /* Assets.xcassets in Resources */ = {isa = PBXBuildFile; fileRef = 370C211822E01AE600EEF7BB /* Assets.xcassets */; };
		370C211E22E01D7000EEF7BB /* ParticleScene.swift in Sources */ = {isa = PBXBuildFile; fileRef = 370C211D22E01D7000EEF7BB /* ParticleScene.swift */; };
		37EFF9F122DEC2ED00F8AE9B /* AppDelegate.swift in Sources */ = {isa = PBXBuildFile; fileRef = 37EFF9F022DEC2ED00F8AE9B /* AppDelegate.swift */; };
		37EFF9F622DEC2ED00F8AE9B /* Main.storyboard in Resources */ = {isa = PBXBuildFile; fileRef = 37EFF9F422DEC2ED00F8AE9B /* Main.storyboard */; };
		37EFF9F822DEC2EE00F8AE9B /* Assets.xcassets in Resources */ = {isa = PBXBuildFile; fileRef = 37EFF9F722DEC2EE00F8AE9B /* Assets.xcassets */; };
		37EFF9FB22DEC2EE00F8AE9B /* LaunchScreen.storyboard in Resources */ = {isa = PBXBuildFile; fileRef = 37EFF9F922DEC2EE00F8AE9B /* LaunchScreen.storyboard */; };
		37EFFA0322DEC75400F8AE9B /* EmojiRebusViewController.swift in Sources */ = {isa = PBXBuildFile; fileRef = 37EFFA0222DEC75400F8AE9B /* EmojiRebusViewController.swift */; };
/* End PBXBuildFile section */

/* Begin PBXFileReference section */
		370C211022DFF47500EEF7BB /* Puzzle.swift */ = {isa = PBXFileReference; lastKnownFileType = sourcecode.swift; path = Puzzle.swift; sourceTree = "<group>"; };
		370C211222DFF76E00EEF7BB /* PuzzleController.swift */ = {isa = PBXFileReference; lastKnownFileType = sourcecode.swift; path = PuzzleController.swift; sourceTree = "<group>"; };
		370C211722E01AE600EEF7BB /* MyParticle.sks */ = {isa = PBXFileReference; lastKnownFileType = file.sks; path = MyParticle.sks; sourceTree = "<group>"; };
		370C211822E01AE600EEF7BB /* Assets.xcassets */ = {isa = PBXFileReference; lastKnownFileType = folder.assetcatalog; path = Assets.xcassets; sourceTree = "<group>"; };
		370C211D22E01D7000EEF7BB /* ParticleScene.swift */ = {isa = PBXFileReference; lastKnownFileType = sourcecode.swift; path = ParticleScene.swift; sourceTree = "<group>"; };
		37EFF9ED22DEC2ED00F8AE9B /* Emoji Rebus.app */ = {isa = PBXFileReference; explicitFileType = wrapper.application; includeInIndex = 0; path = "Emoji Rebus.app"; sourceTree = BUILT_PRODUCTS_DIR; };
		37EFF9F022DEC2ED00F8AE9B /* AppDelegate.swift */ = {isa = PBXFileReference; lastKnownFileType = sourcecode.swift; path = AppDelegate.swift; sourceTree = "<group>"; };
		37EFF9F522DEC2ED00F8AE9B /* Base */ = {isa = PBXFileReference; lastKnownFileType = file.storyboard; name = Base; path = Base.lproj/Main.storyboard; sourceTree = "<group>"; };
		37EFF9F722DEC2EE00F8AE9B /* Assets.xcassets */ = {isa = PBXFileReference; lastKnownFileType = folder.assetcatalog; path = Assets.xcassets; sourceTree = "<group>"; };
		37EFF9FA22DEC2EE00F8AE9B /* Base */ = {isa = PBXFileReference; lastKnownFileType = file.storyboard; name = Base; path = Base.lproj/LaunchScreen.storyboard; sourceTree = "<group>"; };
		37EFF9FC22DEC2EE00F8AE9B /* Info.plist */ = {isa = PBXFileReference; lastKnownFileType = text.plist.xml; path = Info.plist; sourceTree = "<group>"; };
		37EFFA0222DEC75400F8AE9B /* EmojiRebusViewController.swift */ = {isa = PBXFileReference; lastKnownFileType = sourcecode.swift; path = EmojiRebusViewController.swift; sourceTree = "<group>"; };
/* End PBXFileReference section */

/* Begin PBXFrameworksBuildPhase section */
		37EFF9EA22DEC2ED00F8AE9B /* Frameworks */ = {
			isa = PBXFrameworksBuildPhase;
			buildActionMask = 2147483647;
			files = (
			);
			runOnlyForDeploymentPostprocessing = 0;
		};
/* End PBXFrameworksBuildPhase section */

/* Begin PBXGroup section */
		370C211422DFF77700EEF7BB /* Model */ = {
			isa = PBXGroup;
			children = (
				370C211722E01AE600EEF7BB /* MyParticle.sks */,
				370C211822E01AE600EEF7BB /* Assets.xcassets */,
				370C211022DFF47500EEF7BB /* Puzzle.swift */,
			);
			path = Model;
			sourceTree = "<group>";
		};
		370C211522DFF78400EEF7BB /* Model Controller */ = {
			isa = PBXGroup;
			children = (
				370C211222DFF76E00EEF7BB /* PuzzleController.swift */,
			);
			path = "Model Controller";
			sourceTree = "<group>";
		};
		370C211622DFF78E00EEF7BB /* View Controller */ = {
			isa = PBXGroup;
			children = (
				370C211D22E01D7000EEF7BB /* ParticleScene.swift */,
				37EFFA0222DEC75400F8AE9B /* EmojiRebusViewController.swift */,
			);
			path = "View Controller";
			sourceTree = "<group>";
		};
		37EFF9E422DEC2ED00F8AE9B = {
			isa = PBXGroup;
			children = (
				37EFF9EF22DEC2ED00F8AE9B /* Emoji Rebus */,
				37EFF9EE22DEC2ED00F8AE9B /* Products */,
			);
			sourceTree = "<group>";
		};
		37EFF9EE22DEC2ED00F8AE9B /* Products */ = {
			isa = PBXGroup;
			children = (
				37EFF9ED22DEC2ED00F8AE9B /* Emoji Rebus.app */,
			);
			name = Products;
			sourceTree = "<group>";
		};
		37EFF9EF22DEC2ED00F8AE9B /* Emoji Rebus */ = {
			isa = PBXGroup;
			children = (
				37EFF9F022DEC2ED00F8AE9B /* AppDelegate.swift */,
				37EFF9F422DEC2ED00F8AE9B /* Main.storyboard */,
				370C211622DFF78E00EEF7BB /* View Controller */,
				370C211522DFF78400EEF7BB /* Model Controller */,
				370C211422DFF77700EEF7BB /* Model */,
				37EFF9F722DEC2EE00F8AE9B /* Assets.xcassets */,
				37EFF9F922DEC2EE00F8AE9B /* LaunchScreen.storyboard */,
				37EFF9FC22DEC2EE00F8AE9B /* Info.plist */,
			);
			path = "Emoji Rebus";
			sourceTree = "<group>";
		};
/* End PBXGroup section */

/* Begin PBXNativeTarget section */
		37EFF9EC22DEC2ED00F8AE9B /* Emoji Rebus */ = {
			isa = PBXNativeTarget;
			buildConfigurationList = 37EFF9FF22DEC2EE00F8AE9B /* Build configuration list for PBXNativeTarget "Emoji Rebus" */;
			buildPhases = (
				37EFF9E922DEC2ED00F8AE9B /* Sources */,
				37EFF9EA22DEC2ED00F8AE9B /* Frameworks */,
				37EFF9EB22DEC2ED00F8AE9B /* Resources */,
			);
			buildRules = (
			);
			dependencies = (
			);
			name = "Emoji Rebus";
			productName = "Emoji Rebus";
			productReference = 37EFF9ED22DEC2ED00F8AE9B /* Emoji Rebus.app */;
			productType = "com.apple.product-type.application";
		};
/* End PBXNativeTarget section */

/* Begin PBXProject section */
		37EFF9E522DEC2ED00F8AE9B /* Project object */ = {
			isa = PBXProject;
			attributes = {
				LastSwiftUpdateCheck = 1020;
				LastUpgradeCheck = 1020;
				ORGANIZATIONNAME = "Marlon Raskin";
				TargetAttributes = {
					37EFF9EC22DEC2ED00F8AE9B = {
						CreatedOnToolsVersion = 10.2.1;
					};
				};
			};
			buildConfigurationList = 37EFF9E822DEC2ED00F8AE9B /* Build configuration list for PBXProject "Emoji Rebus" */;
			compatibilityVersion = "Xcode 9.3";
			developmentRegion = en;
			hasScannedForEncodings = 0;
			knownRegions = (
				en,
				Base,
			);
			mainGroup = 37EFF9E422DEC2ED00F8AE9B;
			productRefGroup = 37EFF9EE22DEC2ED00F8AE9B /* Products */;
			projectDirPath = "";
			projectRoot = "";
			targets = (
				37EFF9EC22DEC2ED00F8AE9B /* Emoji Rebus */,
			);
		};
/* End PBXProject section */

/* Begin PBXResourcesBuildPhase section */
		37EFF9EB22DEC2ED00F8AE9B /* Resources */ = {
			isa = PBXResourcesBuildPhase;
			buildActionMask = 2147483647;
			files = (
				37EFF9FB22DEC2EE00F8AE9B /* LaunchScreen.storyboard in Resources */,
				37EFF9F822DEC2EE00F8AE9B /* Assets.xcassets in Resources */,
				37EFF9F622DEC2ED00F8AE9B /* Main.storyboard in Resources */,
				370C211922E01AE600EEF7BB /* MyParticle.sks in Resources */,
				370C211A22E01AE600EEF7BB /* Assets.xcassets in Resources */,
			);
			runOnlyForDeploymentPostprocessing = 0;
		};
/* End PBXResourcesBuildPhase section */

/* Begin PBXSourcesBuildPhase section */
		37EFF9E922DEC2ED00F8AE9B /* Sources */ = {
			isa = PBXSourcesBuildPhase;
			buildActionMask = 2147483647;
			files = (
				370C211122DFF47500EEF7BB /* Puzzle.swift in Sources */,
				37EFFA0322DEC75400F8AE9B /* EmojiRebusViewController.swift in Sources */,
				37EFF9F122DEC2ED00F8AE9B /* AppDelegate.swift in Sources */,
				370C211322DFF76E00EEF7BB /* PuzzleController.swift in Sources */,
				370C211E22E01D7000EEF7BB /* ParticleScene.swift in Sources */,
			);
			runOnlyForDeploymentPostprocessing = 0;
		};
/* End PBXSourcesBuildPhase section */

/* Begin PBXVariantGroup section */
		37EFF9F422DEC2ED00F8AE9B /* Main.storyboard */ = {
			isa = PBXVariantGroup;
			children = (
				37EFF9F522DEC2ED00F8AE9B /* Base */,
			);
			name = Main.storyboard;
			sourceTree = "<group>";
		};
		37EFF9F922DEC2EE00F8AE9B /* LaunchScreen.storyboard */ = {
			isa = PBXVariantGroup;
			children = (
				37EFF9FA22DEC2EE00F8AE9B /* Base */,
			);
			name = LaunchScreen.storyboard;
			sourceTree = "<group>";
		};
/* End PBXVariantGroup section */

/* Begin XCBuildConfiguration section */
		37EFF9FD22DEC2EE00F8AE9B /* Debug */ = {
			isa = XCBuildConfiguration;
			buildSettings = {
				ALWAYS_SEARCH_USER_PATHS = NO;
				CLANG_ANALYZER_NONNULL = YES;
				CLANG_ANALYZER_NUMBER_OBJECT_CONVERSION = YES_AGGRESSIVE;
				CLANG_CXX_LANGUAGE_STANDARD = "gnu++14";
				CLANG_CXX_LIBRARY = "libc++";
				CLANG_ENABLE_MODULES = YES;
				CLANG_ENABLE_OBJC_ARC = YES;
				CLANG_ENABLE_OBJC_WEAK = YES;
				CLANG_WARN_BLOCK_CAPTURE_AUTORELEASING = YES;
				CLANG_WARN_BOOL_CONVERSION = YES;
				CLANG_WARN_COMMA = YES;
				CLANG_WARN_CONSTANT_CONVERSION = YES;
				CLANG_WARN_DEPRECATED_OBJC_IMPLEMENTATIONS = YES;
				CLANG_WARN_DIRECT_OBJC_ISA_USAGE = YES_ERROR;
				CLANG_WARN_DOCUMENTATION_COMMENTS = YES;
				CLANG_WARN_EMPTY_BODY = YES;
				CLANG_WARN_ENUM_CONVERSION = YES;
				CLANG_WARN_INFINITE_RECURSION = YES;
				CLANG_WARN_INT_CONVERSION = YES;
				CLANG_WARN_NON_LITERAL_NULL_CONVERSION = YES;
				CLANG_WARN_OBJC_IMPLICIT_RETAIN_SELF = YES;
				CLANG_WARN_OBJC_LITERAL_CONVERSION = YES;
				CLANG_WARN_OBJC_ROOT_CLASS = YES_ERROR;
				CLANG_WARN_RANGE_LOOP_ANALYSIS = YES;
				CLANG_WARN_STRICT_PROTOTYPES = YES;
				CLANG_WARN_SUSPICIOUS_MOVE = YES;
				CLANG_WARN_UNGUARDED_AVAILABILITY = YES_AGGRESSIVE;
				CLANG_WARN_UNREACHABLE_CODE = YES;
				CLANG_WARN__DUPLICATE_METHOD_MATCH = YES;
				CODE_SIGN_IDENTITY = "iPhone Developer";
				COPY_PHASE_STRIP = NO;
				DEBUG_INFORMATION_FORMAT = dwarf;
				ENABLE_STRICT_OBJC_MSGSEND = YES;
				ENABLE_TESTABILITY = YES;
				GCC_C_LANGUAGE_STANDARD = gnu11;
				GCC_DYNAMIC_NO_PIC = NO;
				GCC_NO_COMMON_BLOCKS = YES;
				GCC_OPTIMIZATION_LEVEL = 0;
				GCC_PREPROCESSOR_DEFINITIONS = (
					"DEBUG=1",
					"$(inherited)",
				);
				GCC_WARN_64_TO_32_BIT_CONVERSION = YES;
				GCC_WARN_ABOUT_RETURN_TYPE = YES_ERROR;
				GCC_WARN_UNDECLARED_SELECTOR = YES;
				GCC_WARN_UNINITIALIZED_AUTOS = YES_AGGRESSIVE;
				GCC_WARN_UNUSED_FUNCTION = YES;
				GCC_WARN_UNUSED_VARIABLE = YES;
				IPHONEOS_DEPLOYMENT_TARGET = 12.2;
				MTL_ENABLE_DEBUG_INFO = INCLUDE_SOURCE;
				MTL_FAST_MATH = YES;
				ONLY_ACTIVE_ARCH = YES;
				SDKROOT = iphoneos;
				SWIFT_ACTIVE_COMPILATION_CONDITIONS = DEBUG;
				SWIFT_OPTIMIZATION_LEVEL = "-Onone";
			};
			name = Debug;
		};
		37EFF9FE22DEC2EE00F8AE9B /* Release */ = {
			isa = XCBuildConfiguration;
			buildSettings = {
				ALWAYS_SEARCH_USER_PATHS = NO;
				CLANG_ANALYZER_NONNULL = YES;
				CLANG_ANALYZER_NUMBER_OBJECT_CONVERSION = YES_AGGRESSIVE;
				CLANG_CXX_LANGUAGE_STANDARD = "gnu++14";
				CLANG_CXX_LIBRARY = "libc++";
				CLANG_ENABLE_MODULES = YES;
				CLANG_ENABLE_OBJC_ARC = YES;
				CLANG_ENABLE_OBJC_WEAK = YES;
				CLANG_WARN_BLOCK_CAPTURE_AUTORELEASING = YES;
				CLANG_WARN_BOOL_CONVERSION = YES;
				CLANG_WARN_COMMA = YES;
				CLANG_WARN_CONSTANT_CONVERSION = YES;
				CLANG_WARN_DEPRECATED_OBJC_IMPLEMENTATIONS = YES;
				CLANG_WARN_DIRECT_OBJC_ISA_USAGE = YES_ERROR;
				CLANG_WARN_DOCUMENTATION_COMMENTS = YES;
				CLANG_WARN_EMPTY_BODY = YES;
				CLANG_WARN_ENUM_CONVERSION = YES;
				CLANG_WARN_INFINITE_RECURSION = YES;
				CLANG_WARN_INT_CONVERSION = YES;
				CLANG_WARN_NON_LITERAL_NULL_CONVERSION = YES;
				CLANG_WARN_OBJC_IMPLICIT_RETAIN_SELF = YES;
				CLANG_WARN_OBJC_LITERAL_CONVERSION = YES;
				CLANG_WARN_OBJC_ROOT_CLASS = YES_ERROR;
				CLANG_WARN_RANGE_LOOP_ANALYSIS = YES;
				CLANG_WARN_STRICT_PROTOTYPES = YES;
				CLANG_WARN_SUSPICIOUS_MOVE = YES;
				CLANG_WARN_UNGUARDED_AVAILABILITY = YES_AGGRESSIVE;
				CLANG_WARN_UNREACHABLE_CODE = YES;
				CLANG_WARN__DUPLICATE_METHOD_MATCH = YES;
				CODE_SIGN_IDENTITY = "iPhone Developer";
				COPY_PHASE_STRIP = NO;
				DEBUG_INFORMATION_FORMAT = "dwarf-with-dsym";
				ENABLE_NS_ASSERTIONS = NO;
				ENABLE_STRICT_OBJC_MSGSEND = YES;
				GCC_C_LANGUAGE_STANDARD = gnu11;
				GCC_NO_COMMON_BLOCKS = YES;
				GCC_WARN_64_TO_32_BIT_CONVERSION = YES;
				GCC_WARN_ABOUT_RETURN_TYPE = YES_ERROR;
				GCC_WARN_UNDECLARED_SELECTOR = YES;
				GCC_WARN_UNINITIALIZED_AUTOS = YES_AGGRESSIVE;
				GCC_WARN_UNUSED_FUNCTION = YES;
				GCC_WARN_UNUSED_VARIABLE = YES;
				IPHONEOS_DEPLOYMENT_TARGET = 12.2;
				MTL_ENABLE_DEBUG_INFO = NO;
				MTL_FAST_MATH = YES;
				SDKROOT = iphoneos;
				SWIFT_COMPILATION_MODE = wholemodule;
				SWIFT_OPTIMIZATION_LEVEL = "-O";
				VALIDATE_PRODUCT = YES;
			};
			name = Release;
		};
		37EFFA0022DEC2EE00F8AE9B /* Debug */ = {
			isa = XCBuildConfiguration;
			buildSettings = {
				ASSETCATALOG_COMPILER_APPICON_NAME = AppIcon;
				CODE_SIGN_STYLE = Automatic;
				DEVELOPMENT_TEAM = D6VB3396MT;
				INFOPLIST_FILE = "Emoji Rebus/Info.plist";
				LD_RUNPATH_SEARCH_PATHS = (
					"$(inherited)",
					"@executable_path/Frameworks",
				);
				PRODUCT_BUNDLE_IDENTIFIER = "com.marlonraskin.Emoji-Rebus";
				PRODUCT_NAME = "$(TARGET_NAME)";
				SWIFT_VERSION = 5.0;
				TARGETED_DEVICE_FAMILY = "1,2";
			};
			name = Debug;
		};
		37EFFA0122DEC2EE00F8AE9B /* Release */ = {
			isa = XCBuildConfiguration;
			buildSettings = {
				ASSETCATALOG_COMPILER_APPICON_NAME = AppIcon;
				CODE_SIGN_STYLE = Automatic;
				DEVELOPMENT_TEAM = D6VB3396MT;
				INFOPLIST_FILE = "Emoji Rebus/Info.plist";
				LD_RUNPATH_SEARCH_PATHS = (
					"$(inherited)",
					"@executable_path/Frameworks",
				);
				PRODUCT_BUNDLE_IDENTIFIER = "com.marlonraskin.Emoji-Rebus";
				PRODUCT_NAME = "$(TARGET_NAME)";
				SWIFT_VERSION = 5.0;
				TARGETED_DEVICE_FAMILY = "1,2";
			};
			name = Release;
		};
/* End XCBuildConfiguration section */

/* Begin XCConfigurationList section */
		37EFF9E822DEC2ED00F8AE9B /* Build configuration list for PBXProject "Emoji Rebus" */ = {
			isa = XCConfigurationList;
			buildConfigurations = (
				37EFF9FD22DEC2EE00F8AE9B /* Debug */,
				37EFF9FE22DEC2EE00F8AE9B /* Release */,
			);
			defaultConfigurationIsVisible = 0;
			defaultConfigurationName = Release;
		};
		37EFF9FF22DEC2EE00F8AE9B /* Build configuration list for PBXNativeTarget "Emoji Rebus" */ = {
			isa = XCConfigurationList;
			buildConfigurations = (
				37EFFA0022DEC2EE00F8AE9B /* Debug */,
				37EFFA0122DEC2EE00F8AE9B /* Release */,
			);
			defaultConfigurationIsVisible = 0;
			defaultConfigurationName = Release;
		};
/* End XCConfigurationList section */
	};
	rootObject = 37EFF9E522DEC2ED00F8AE9B /* Project object */;
}
